# This file is automatically @generated by Cargo.
# It is not intended for manual editing.
version = 3

[[package]]
name = "husky"
version = "1.0.0"
dependencies = [
 "husky-lib",
]

[[package]]
name = "husky-auxies"
version = "1.0.0"

[[package]]
name = "husky-lib"
version = "1.0.0"
dependencies = [
 "husky-auxies",
 "husky-lib-core",
]

[[package]]
name = "husky-lib-core"
version = "1.0.0"
dependencies = [
 "husky-auxies",
]
