# This file is automatically @generated by Cargo.
# It is not intended for manual editing.
version = 4

[[package]]
name = "huski"
version = "1.0.5"
dependencies = [
 "huski-lib",
]

[[package]]
name = "huski-auxies"
version = "1.0.2"

[[package]]
name = "huski-lib"
version = "1.0.2"
dependencies = [
 "huski-auxies",
 "huski-lib-core",
]

[[package]]
name = "huski-lib-core"
version = "1.0.1"
dependencies = [
 "huski-auxies",
]
