# This file is automatically @generated by Cargo.
# It is not intended for manual editing.
version = 3

[[package]]
name = "huski"
version = "1.0.0"
dependencies = [
 "huski-lib",
]

[[package]]
name = "huski-auxies"
version = "1.0.0"

[[package]]
name = "huski-lib"
version = "1.0.0"
dependencies = [
 "huski-auxies",
 "huski-lib-core",
]

[[package]]
name = "huski-lib-core"
version = "1.0.0"
dependencies = [
 "huski-auxies",
]
